
Microsoft Visual Studio Solution File, Format Version 12.00
# Visual Studio 15
VisualStudioVersion = 15.0.27428.2043
MinimumVisualStudioVersion = 10.0.40219.1
Project("{FAE04EC0-301F-11D3-BF4B-00C04F79EFBC}") = "MedHairUnitTest", "MedHairUnitTest\MedHairUnitTest.csproj", "{C3652036-BCCA-4967-8FE1-7B04C1A4485A}"
EndProject
Project("{FAE04EC0-301F-11D3-BF4B-00C04F79EFBC}") = "MedHair.ClassLibrary", "MedHair.ClassLibrary\MedHair.ClassLibrary.csproj", "{00F9F36B-5548-4B7D-A541-6C3BD5023861}"
EndProject
Global
	GlobalSection(SolutionConfigurationPlatforms) = preSolution
		Debug|Any CPU = Debug|Any CPU
		Release|Any CPU = Release|Any CPU
	EndGlobalSection
	GlobalSection(ProjectConfigurationPlatforms) = postSolution
		{C3652036-BCCA-4967-8FE1-7B04C1A4485A}.Debug|Any CPU.ActiveCfg = Debug|Any CPU
		{C3652036-BCCA-4967-8FE1-7B04C1A4485A}.Debug|Any CPU.Build.0 = Debug|Any CPU
		{C3652036-BCCA-4967-8FE1-7B04C1A4485A}.Release|Any CPU.ActiveCfg = Release|Any CPU
		{C3652036-BCCA-4967-8FE1-7B04C1A4485A}.Release|Any CPU.Build.0 = Release|Any CPU
		{00F9F36B-5548-4B7D-A541-6C3BD5023861}.Debug|Any CPU.ActiveCfg = Debug|Any CPU
		{00F9F36B-5548-4B7D-A541-6C3BD5023861}.Debug|Any CPU.Build.0 = Debug|Any CPU
		{00F9F36B-5548-4B7D-A541-6C3BD5023861}.Release|Any CPU.ActiveCfg = Release|Any CPU
		{00F9F36B-5548-4B7D-A541-6C3BD5023861}.Release|Any CPU.Build.0 = Release|Any CPU
	EndGlobalSection
	GlobalSection(SolutionProperties) = preSolution
		HideSolutionNode = FALSE
	EndGlobalSection
	GlobalSection(ExtensibilityGlobals) = postSolution
		SolutionGuid = {16267ADE-EEB5-4888-A43E-BF2BC84CF664}
	EndGlobalSection
EndGlobal
